
Microsoft Visual Studio Solution File, Format Version 12.00
# Visual Studio Version 16
VisualStudioVersion = 16.0.28606.126
MinimumVisualStudioVersion = 10.0.40219.1
Project("{FAE04EC0-301F-11D3-BF4B-00C04F79EFBC}") = "TermWA.Server", "TermWA.Server\TermWA.Server.csproj", "{FC07DA63-5226-4104-BCD6-983E19D6824F}"
EndProject
Project("{FAE04EC0-301F-11D3-BF4B-00C04F79EFBC}") = "TermWA.Client", "TermWA.Client\TermWA.Client.csproj", "{0B0E2302-64EB-4B03-A1D0-30E1B24EE9B0}"
EndProject
Project("{FAE04EC0-301F-11D3-BF4B-00C04F79EFBC}") = "TermWA.Shared", "TermWA.Shared\TermWA.Shared.csproj", "{08B29542-7D83-44CC-9486-E5B2DFABB05C}"
EndProject
Global
	GlobalSection(SolutionConfigurationPlatforms) = preSolution
		Debug|Any CPU = Debug|Any CPU
		Release|Any CPU = Release|Any CPU
	EndGlobalSection
	GlobalSection(ProjectConfigurationPlatforms) = postSolution
		{FC07DA63-5226-4104-BCD6-983E19D6824F}.Debug|Any CPU.ActiveCfg = Debug|Any CPU
		{FC07DA63-5226-4104-BCD6-983E19D6824F}.Debug|Any CPU.Build.0 = Debug|Any CPU
		{FC07DA63-5226-4104-BCD6-983E19D6824F}.Release|Any CPU.ActiveCfg = Release|Any CPU
		{FC07DA63-5226-4104-BCD6-983E19D6824F}.Release|Any CPU.Build.0 = Release|Any CPU
		{0B0E2302-64EB-4B03-A1D0-30E1B24EE9B0}.Debug|Any CPU.ActiveCfg = Debug|Any CPU
		{0B0E2302-64EB-4B03-A1D0-30E1B24EE9B0}.Debug|Any CPU.Build.0 = Debug|Any CPU
		{0B0E2302-64EB-4B03-A1D0-30E1B24EE9B0}.Release|Any CPU.ActiveCfg = Release|Any CPU
		{0B0E2302-64EB-4B03-A1D0-30E1B24EE9B0}.Release|Any CPU.Build.0 = Release|Any CPU
		{08B29542-7D83-44CC-9486-E5B2DFABB05C}.Debug|Any CPU.ActiveCfg = Debug|Any CPU
		{08B29542-7D83-44CC-9486-E5B2DFABB05C}.Debug|Any CPU.Build.0 = Debug|Any CPU
		{08B29542-7D83-44CC-9486-E5B2DFABB05C}.Release|Any CPU.ActiveCfg = Release|Any CPU
		{08B29542-7D83-44CC-9486-E5B2DFABB05C}.Release|Any CPU.Build.0 = Release|Any CPU
	EndGlobalSection
	GlobalSection(SolutionProperties) = preSolution
		HideSolutionNode = FALSE
	EndGlobalSection
	GlobalSection(ExtensibilityGlobals) = postSolution
		SolutionGuid = {5D9B03CC-A915-47D2-BEAD-3114D0085198}
	EndGlobalSection
EndGlobal
