
Microsoft Visual Studio Solution File, Format Version 12.00
# Visual Studio 15
VisualStudioVersion = 15.0.28307.421
MinimumVisualStudioVersion = 10.0.40219.1
Project("{FAE04EC0-301F-11D3-BF4B-00C04F79EFBC}") = "Terminal", "Terminal\Terminal.csproj", "{11FAAAB9-D74B-4719-BF04-622C9774333D}"
EndProject
Global
	GlobalSection(SolutionConfigurationPlatforms) = preSolution
		Debug|Any CPU = Debug|Any CPU
		Release|Any CPU = Release|Any CPU
	EndGlobalSection
	GlobalSection(ProjectConfigurationPlatforms) = postSolution
		{11FAAAB9-D74B-4719-BF04-622C9774333D}.Debug|Any CPU.ActiveCfg = Debug|Any CPU
		{11FAAAB9-D74B-4719-BF04-622C9774333D}.Debug|Any CPU.Build.0 = Debug|Any CPU
		{11FAAAB9-D74B-4719-BF04-622C9774333D}.Release|Any CPU.ActiveCfg = Release|Any CPU
		{11FAAAB9-D74B-4719-BF04-622C9774333D}.Release|Any CPU.Build.0 = Release|Any CPU
	EndGlobalSection
	GlobalSection(SolutionProperties) = preSolution
		HideSolutionNode = FALSE
	EndGlobalSection
	GlobalSection(ExtensibilityGlobals) = postSolution
		SolutionGuid = {A8D9E532-39D3-48AB-9C13-43EA1F6AEBC7}
	EndGlobalSection
EndGlobal
